// !$*UTF8*$!
{
	archiveVersion = 1;
	classes = {
	};
	objectVersion = 46;
	objects = {

/* Begin PBXBuildFile section */
		89875D4C12DA46ED00D9CF7E /* AOPMethodLogger.m in Sources */ = {isa = PBXBuildFile; fileRef = 89875D4612DA46ED00D9CF7E /* AOPMethodLogger.m */; };
		89875D4D12DA46ED00D9CF7E /* AOPProxy.m in Sources */ = {isa = PBXBuildFile; fileRef = 89875D4812DA46ED00D9CF7E /* AOPProxy.m */; };
		89875D4E12DA46ED00D9CF7E /* AOPThreadInvoker.m in Sources */ = {isa = PBXBuildFile; fileRef = 89875D4A12DA46ED00D9CF7E /* AOPThreadInvoker.m */; };
		89875D5312DA470C00D9CF7E /* AOPLibTest.m in Sources */ = {isa = PBXBuildFile; fileRef = 89875D5212DA470C00D9CF7E /* AOPLibTest.m */; };
/* End PBXBuildFile section */

/* Begin PBXCopyFilesBuildPhase section */
		8DD76F9E0486AA7600D96B5E /* CopyFiles */ = {
			isa = PBXCopyFilesBuildPhase;
			buildActionMask = 8;
			dstPath = /usr/share/man/man1/;
			dstSubfolderSpec = 0;
			files = (
			);
			runOnlyForDeploymentPostprocessing = 1;
		};
/* End PBXCopyFilesBuildPhase section */

/* Begin PBXFileReference section */
		32A70AAB03705E1F00C91783 /* AOPLib_Prefix.pch */ = {isa = PBXFileReference; fileEncoding = 4; lastKnownFileType = sourcecode.c.h; path = AOPLib_Prefix.pch; sourceTree = "<group>"; };
		6EB474D913F043D400597351 /* libAOPLibiPhone.a */ = {isa = PBXFileReference; explicitFileType = archive.ar; includeInIndex = 0; path = libAOPLibiPhone.a; sourceTree = BUILT_PRODUCTS_DIR; };
		89875D4612DA46ED00D9CF7E /* AOPMethodLogger.m */ = {isa = PBXFileReference; fileEncoding = 4; lastKnownFileType = sourcecode.c.objc; name = AOPMethodLogger.m; path = AOP/AOPMethodLogger.m; sourceTree = "<group>"; };
		89875D4712DA46ED00D9CF7E /* AOPProxy.h */ = {isa = PBXFileReference; fileEncoding = 4; lastKnownFileType = sourcecode.c.h; name = AOPProxy.h; path = AOP/AOPProxy.h; sourceTree = "<group>"; };
		89875D4812DA46ED00D9CF7E /* AOPProxy.m */ = {isa = PBXFileReference; fileEncoding = 4; lastKnownFileType = sourcecode.c.objc; name = AOPProxy.m; path = AOP/AOPProxy.m; sourceTree = "<group>"; };
		89875D4A12DA46ED00D9CF7E /* AOPThreadInvoker.m */ = {isa = PBXFileReference; fileEncoding = 4; lastKnownFileType = sourcecode.c.objc; name = AOPThreadInvoker.m; path = AOP/AOPThreadInvoker.m; sourceTree = "<group>"; };
		89875D5212DA470C00D9CF7E /* AOPLibTest.m */ = {isa = PBXFileReference; fileEncoding = 4; lastKnownFileType = sourcecode.c.objc; path = AOPLibTest.m; sourceTree = "<group>"; };
		8DD76FA10486AA7600D96B5E /* AOPLib */ = {isa = PBXFileReference; explicitFileType = "compiled.mach-o.executable"; includeInIndex = 0; path = AOPLib; sourceTree = BUILT_PRODUCTS_DIR; };
/* End PBXFileReference section */

/* Begin PBXFrameworksBuildPhase section */
		6EB474D613F043D400597351 /* Frameworks */ = {
			isa = PBXFrameworksBuildPhase;
			buildActionMask = 2147483647;
			files = (
			);
			runOnlyForDeploymentPostprocessing = 0;
		};
		8DD76F9B0486AA7600D96B5E /* Frameworks */ = {
			isa = PBXFrameworksBuildPhase;
			buildActionMask = 2147483647;
			files = (
			);
			runOnlyForDeploymentPostprocessing = 0;
		};
/* End PBXFrameworksBuildPhase section */

/* Begin PBXGroup section */
		08FB7794FE84155DC02AAC07 /* AOPLib */ = {
			isa = PBXGroup;
			children = (
				32A70AAB03705E1F00C91783 /* AOPLib_Prefix.pch */,
				89875D4612DA46ED00D9CF7E /* AOPMethodLogger.m */,
				89875D4712DA46ED00D9CF7E /* AOPProxy.h */,
				89875D4812DA46ED00D9CF7E /* AOPProxy.m */,
				89875D4A12DA46ED00D9CF7E /* AOPThreadInvoker.m */,
				1AB674ADFE9D54B511CA2CBB /* Products */,
				89875D5212DA470C00D9CF7E /* AOPLibTest.m */,
			);
			name = AOPLib;
			sourceTree = "<group>";
		};
		1AB674ADFE9D54B511CA2CBB /* Products */ = {
			isa = PBXGroup;
			children = (
				8DD76FA10486AA7600D96B5E /* AOPLib */,
				6EB474D913F043D400597351 /* libAOPLibiPhone.a */,
			);
			name = Products;
			sourceTree = "<group>";
		};
/* End PBXGroup section */

/* Begin PBXHeadersBuildPhase section */
		6EB474D713F043D400597351 /* Headers */ = {
			isa = PBXHeadersBuildPhase;
			buildActionMask = 2147483647;
			files = (
			);
			runOnlyForDeploymentPostprocessing = 0;
		};
/* End PBXHeadersBuildPhase section */

/* Begin PBXNativeTarget section */
		6EB474D813F043D400597351 /* AOPLibiPhone */ = {
			isa = PBXNativeTarget;
			buildConfigurationList = 6EB474E513F043D400597351 /* Build configuration list for PBXNativeTarget "AOPLibiPhone" */;
			buildPhases = (
				6EB474D513F043D400597351 /* Sources */,
				6EB474D613F043D400597351 /* Frameworks */,
				6EB474D713F043D400597351 /* Headers */,
			);
			buildRules = (
			);
			dependencies = (
			);
			name = AOPLibiPhone;
			productName = AOPLibiPhone;
			productReference = 6EB474D913F043D400597351 /* libAOPLibiPhone.a */;
			productType = "com.apple.product-type.library.static";
		};
		8DD76F960486AA7600D96B5E /* AOPLib */ = {
			isa = PBXNativeTarget;
			buildConfigurationList = 1DEB927408733DD40010E9CD /* Build configuration list for PBXNativeTarget "AOPLib" */;
			buildPhases = (
				8DD76F990486AA7600D96B5E /* Sources */,
				8DD76F9B0486AA7600D96B5E /* Frameworks */,
				8DD76F9E0486AA7600D96B5E /* CopyFiles */,
			);
			buildRules = (
			);
			dependencies = (
			);
			name = AOPLib;
			productInstallPath = "$(HOME)/bin";
			productName = AOPLib;
			productReference = 8DD76FA10486AA7600D96B5E /* AOPLib */;
			productType = "com.apple.product-type.tool";
		};
/* End PBXNativeTarget section */

/* Begin PBXProject section */
		08FB7793FE84155DC02AAC07 /* Project object */ = {
			isa = PBXProject;
			attributes = {
				LastUpgradeCheck = 0410;
			};
			buildConfigurationList = 1DEB927808733DD40010E9CD /* Build configuration list for PBXProject "AOPLib" */;
			compatibilityVersion = "Xcode 3.2";
			developmentRegion = English;
			hasScannedForEncodings = 1;
			knownRegions = (
				English,
				Japanese,
				French,
				German,
			);
			mainGroup = 08FB7794FE84155DC02AAC07 /* AOPLib */;
			projectDirPath = "";
			projectRoot = "";
			targets = (
				8DD76F960486AA7600D96B5E /* AOPLib */,
				6EB474D813F043D400597351 /* AOPLibiPhone */,
			);
		};
/* End PBXProject section */

/* Begin PBXSourcesBuildPhase section */
		6EB474D513F043D400597351 /* Sources */ = {
			isa = PBXSourcesBuildPhase;
			buildActionMask = 2147483647;
			files = (
			);
			runOnlyForDeploymentPostprocessing = 0;
		};
		8DD76F990486AA7600D96B5E /* Sources */ = {
			isa = PBXSourcesBuildPhase;
			buildActionMask = 2147483647;
			files = (
				89875D4C12DA46ED00D9CF7E /* AOPMethodLogger.m in Sources */,
				89875D4D12DA46ED00D9CF7E /* AOPProxy.m in Sources */,
				89875D4E12DA46ED00D9CF7E /* AOPThreadInvoker.m in Sources */,
				89875D5312DA470C00D9CF7E /* AOPLibTest.m in Sources */,
			);
			runOnlyForDeploymentPostprocessing = 0;
		};
/* End PBXSourcesBuildPhase section */

/* Begin XCBuildConfiguration section */
		1DEB927508733DD40010E9CD /* Debug */ = {
			isa = XCBuildConfiguration;
			buildSettings = {
				ALWAYS_SEARCH_USER_PATHS = NO;
				ARCHS = "$(ARCHS_STANDARD_64_BIT)";
				CLANG_ENABLE_OBJC_ARC = YES;
				COPY_PHASE_STRIP = NO;
				GCC_DYNAMIC_NO_PIC = NO;
				GCC_MODEL_TUNING = G5;
				GCC_OPTIMIZATION_LEVEL = 0;
				GCC_PRECOMPILE_PREFIX_HEADER = YES;
				GCC_PREFIX_HEADER = AOPLib_Prefix.pch;
				INSTALL_PATH = /usr/local/bin;
				PRODUCT_NAME = AOPLib;
			};
			name = Debug;
		};
		1DEB927608733DD40010E9CD /* Release */ = {
			isa = XCBuildConfiguration;
			buildSettings = {
				ALWAYS_SEARCH_USER_PATHS = NO;
				ARCHS = "$(ARCHS_STANDARD_64_BIT)";
				CLANG_ENABLE_OBJC_ARC = YES;
				DEBUG_INFORMATION_FORMAT = "dwarf-with-dsym";
				GCC_MODEL_TUNING = G5;
				GCC_PRECOMPILE_PREFIX_HEADER = YES;
				GCC_PREFIX_HEADER = AOPLib_Prefix.pch;
				INSTALL_PATH = /usr/local/bin;
				PRODUCT_NAME = AOPLib;
			};
			name = Release;
		};
		1DEB927908733DD40010E9CD /* Debug */ = {
			isa = XCBuildConfiguration;
			buildSettings = {
				ARCHS = "$(ARCHS_STANDARD_32_64_BIT)";
				GCC_C_LANGUAGE_STANDARD = gnu99;
				GCC_OPTIMIZATION_LEVEL = 0;
				GCC_WARN_ABOUT_RETURN_TYPE = YES;
				GCC_WARN_UNUSED_VARIABLE = YES;
				ONLY_ACTIVE_ARCH = YES;
				SDKROOT = macosx;
			};
			name = Debug;
		};
		1DEB927A08733DD40010E9CD /* Release */ = {
			isa = XCBuildConfiguration;
			buildSettings = {
				ARCHS = "$(ARCHS_STANDARD_32_64_BIT)";
				GCC_C_LANGUAGE_STANDARD = gnu99;
				GCC_WARN_ABOUT_RETURN_TYPE = YES;
				GCC_WARN_UNUSED_VARIABLE = YES;
				SDKROOT = macosx;
			};
			name = Release;
		};
		6EB474E313F043D400597351 /* Debug */ = {
			isa = XCBuildConfiguration;
			buildSettings = {
				ALWAYS_SEARCH_USER_PATHS = NO;
				ARCHS = "$(ARCHS_STANDARD_32_BIT)";
				COPY_PHASE_STRIP = NO;
				DSTROOT = /tmp/AOPLibiPhone.dst;
				GCC_DYNAMIC_NO_PIC = NO;
				GCC_PRECOMPILE_PREFIX_HEADER = YES;
				GCC_PREFIX_HEADER = "AOPLibiPhone/AOPLibiPhone-Prefix.pch";
				GCC_PREPROCESSOR_DEFINITIONS = (
					"DEBUG=1",
					"$(inherited)",
				);
				GCC_SYMBOLS_PRIVATE_EXTERN = NO;
				GCC_VERSION = com.apple.compilers.llvmgcc42;
				GCC_WARN_ABOUT_MISSING_PROTOTYPES = YES;
				IPHONEOS_DEPLOYMENT_TARGET = 4.3;
				OTHER_LDFLAGS = "-ObjC";
				PRODUCT_NAME = "$(TARGET_NAME)";
				SDKROOT = iphoneos;
				SKIP_INSTALL = YES;
			};
			name = Debug;
		};
		6EB474E413F043D400597351 /* Release */ = {
			isa = XCBuildConfiguration;
			buildSettings = {
				ALWAYS_SEARCH_USER_PATHS = NO;
				ARCHS = "$(ARCHS_STANDARD_32_BIT)";
				COPY_PHASE_STRIP = YES;
				DSTROOT = /tmp/AOPLibiPhone.dst;
				GCC_PRECOMPILE_PREFIX_HEADER = YES;
				GCC_PREFIX_HEADER = "AOPLibiPhone/AOPLibiPhone-Prefix.pch";
				GCC_VERSION = com.apple.compilers.llvmgcc42;
				GCC_WARN_ABOUT_MISSING_PROTOTYPES = YES;
				IPHONEOS_DEPLOYMENT_TARGET = 4.3;
				OTHER_LDFLAGS = "-ObjC";
				PRODUCT_NAME = "$(TARGET_NAME)";
				SDKROOT = iphoneos;
				SKIP_INSTALL = YES;
				VALIDATE_PRODUCT = YES;
			};
			name = Release;
		};
/* End XCBuildConfiguration section */

/* Begin XCConfigurationList section */
		1DEB927408733DD40010E9CD /* Build configuration list for PBXNativeTarget "AOPLib" */ = {
			isa = XCConfigurationList;
			buildConfigurations = (
				1DEB927508733DD40010E9CD /* Debug */,
				1DEB927608733DD40010E9CD /* Release */,
			);
			defaultConfigurationIsVisible = 0;
			defaultConfigurationName = Release;
		};
		1DEB927808733DD40010E9CD /* Build configuration list for PBXProject "AOPLib" */ = {
			isa = XCConfigurationList;
			buildConfigurations = (
				1DEB927908733DD40010E9CD /* Debug */,
				1DEB927A08733DD40010E9CD /* Release */,
			);
			defaultConfigurationIsVisible = 0;
			defaultConfigurationName = Release;
		};
		6EB474E513F043D400597351 /* Build configuration list for PBXNativeTarget "AOPLibiPhone" */ = {
			isa = XCConfigurationList;
			buildConfigurations = (
				6EB474E313F043D400597351 /* Debug */,
				6EB474E413F043D400597351 /* Release */,
			);
			defaultConfigurationIsVisible = 0;
			defaultConfigurationName = Release;
		};
/* End XCConfigurationList section */
	};
	rootObject = 08FB7793FE84155DC02AAC07 /* Project object */;
}
